// !$*UTF8*$!
{
	archiveVersion = 1;
	classes = {
	};
	objectVersion = 46;
	objects = {

/* Begin PBXBuildFile section */
		48384DF11A0ACD9B00D455D9 /* AppDelegate.swift in Sources */ = {isa = PBXBuildFile; fileRef = 48384DF01A0ACD9B00D455D9 /* AppDelegate.swift */; };
		48384DF41A0ACD9B00D455D9 /* SwiftAudio.xcdatamodeld in Sources */ = {isa = PBXBuildFile; fileRef = 48384DF21A0ACD9B00D455D9 /* SwiftAudio.xcdatamodeld */; };
		48384DF61A0ACD9B00D455D9 /* ViewController.swift in Sources */ = {isa = PBXBuildFile; fileRef = 48384DF51A0ACD9B00D455D9 /* ViewController.swift */; };
		48384DF91A0ACD9B00D455D9 /* Main.storyboard in Resources */ = {isa = PBXBuildFile; fileRef = 48384DF71A0ACD9B00D455D9 /* Main.storyboard */; };
		48384DFB1A0ACD9B00D455D9 /* Images.xcassets in Resources */ = {isa = PBXBuildFile; fileRef = 48384DFA1A0ACD9B00D455D9 /* Images.xcassets */; };
		48384DFE1A0ACD9B00D455D9 /* LaunchScreen.xib in Resources */ = {isa = PBXBuildFile; fileRef = 48384DFC1A0ACD9B00D455D9 /* LaunchScreen.xib */; };
		48384E0A1A0ACD9B00D455D9 /* SwiftAudioTests.swift in Sources */ = {isa = PBXBuildFile; fileRef = 48384E091A0ACD9B00D455D9 /* SwiftAudioTests.swift */; };
		48384E141A0ACDCA00D455D9 /* 1.wav in Resources */ = {isa = PBXBuildFile; fileRef = 48384E131A0ACDCA00D455D9 /* 1.wav */; };
/* End PBXBuildFile section */

/* Begin PBXContainerItemProxy section */
		48384E041A0ACD9B00D455D9 /* PBXContainerItemProxy */ = {
			isa = PBXContainerItemProxy;
			containerPortal = 48384DE31A0ACD9B00D455D9 /* Project object */;
			proxyType = 1;
			remoteGlobalIDString = 48384DEA1A0ACD9B00D455D9;
			remoteInfo = SwiftAudio;
		};
/* End PBXContainerItemProxy section */

/* Begin PBXFileReference section */
		48384DEB1A0ACD9B00D455D9 /* SwiftAudio.app */ = {isa = PBXFileReference; explicitFileType = wrapper.application; includeInIndex = 0; path = SwiftAudio.app; sourceTree = BUILT_PRODUCTS_DIR; };
		48384DEF1A0ACD9B00D455D9 /* Info.plist */ = {isa = PBXFileReference; lastKnownFileType = text.plist.xml; path = Info.plist; sourceTree = "<group>"; };
		48384DF01A0ACD9B00D455D9 /* AppDelegate.swift */ = {isa = PBXFileReference; lastKnownFileType = sourcecode.swift; path = AppDelegate.swift; sourceTree = "<group>"; };
		48384DF31A0ACD9B00D455D9 /* SwiftAudio.xcdatamodel */ = {isa = PBXFileReference; lastKnownFileType = wrapper.xcdatamodel; path = SwiftAudio.xcdatamodel; sourceTree = "<group>"; };
		48384DF51A0ACD9B00D455D9 /* ViewController.swift */ = {isa = PBXFileReference; lastKnownFileType = sourcecode.swift; path = ViewController.swift; sourceTree = "<group>"; };
		48384DF81A0ACD9B00D455D9 /* Base */ = {isa = PBXFileReference; lastKnownFileType = file.storyboard; name = Base; path = Base.lproj/Main.storyboard; sourceTree = "<group>"; };
		48384DFA1A0ACD9B00D455D9 /* Images.xcassets */ = {isa = PBXFileReference; lastKnownFileType = folder.assetcatalog; path = Images.xcassets; sourceTree = "<group>"; };
		48384DFD1A0ACD9B00D455D9 /* Base */ = {isa = PBXFileReference; lastKnownFileType = file.xib; name = Base; path = Base.lproj/LaunchScreen.xib; sourceTree = "<group>"; };
		48384E031A0ACD9B00D455D9 /* SwiftAudioTests.xctest */ = {isa = PBXFileReference; explicitFileType = wrapper.cfbundle; includeInIndex = 0; path = SwiftAudioTests.xctest; sourceTree = BUILT_PRODUCTS_DIR; };
		48384E081A0ACD9B00D455D9 /* Info.plist */ = {isa = PBXFileReference; lastKnownFileType = text.plist.xml; path = Info.plist; sourceTree = "<group>"; };
		48384E091A0ACD9B00D455D9 /* SwiftAudioTests.swift */ = {isa = PBXFileReference; lastKnownFileType = sourcecode.swift; path = SwiftAudioTests.swift; sourceTree = "<group>"; };
		48384E131A0ACDCA00D455D9 /* 1.wav */ = {isa = PBXFileReference; lastKnownFileType = audio.wav; path = 1.wav; sourceTree = "<group>"; };
/* End PBXFileReference section */

/* Begin PBXFrameworksBuildPhase section */
		48384DE81A0ACD9B00D455D9 /* Frameworks */ = {
			isa = PBXFrameworksBuildPhase;
			buildActionMask = 2147483647;
			files = (
			);
			runOnlyForDeploymentPostprocessing = 0;
		};
		48384E001A0ACD9B00D455D9 /* Frameworks */ = {
			isa = PBXFrameworksBuildPhase;
			buildActionMask = 2147483647;
			files = (
			);
			runOnlyForDeploymentPostprocessing = 0;
		};
/* End PBXFrameworksBuildPhase section */

/* Begin PBXGroup section */
		48384DE21A0ACD9B00D455D9 = {
			isa = PBXGroup;
			children = (
				48384DED1A0ACD9B00D455D9 /* SwiftAudio */,
				48384E061A0ACD9B00D455D9 /* SwiftAudioTests */,
				48384DEC1A0ACD9B00D455D9 /* Products */,
			);
			sourceTree = "<group>";
		};
		48384DEC1A0ACD9B00D455D9 /* Products */ = {
			isa = PBXGroup;
			children = (
				48384DEB1A0ACD9B00D455D9 /* SwiftAudio.app */,
				48384E031A0ACD9B00D455D9 /* SwiftAudioTests.xctest */,
			);
			name = Products;
			sourceTree = "<group>";
		};
		48384DED1A0ACD9B00D455D9 /* SwiftAudio */ = {
			isa = PBXGroup;
			children = (
				48384E131A0ACDCA00D455D9 /* 1.wav */,
				48384DF01A0ACD9B00D455D9 /* AppDelegate.swift */,
				48384DF51A0ACD9B00D455D9 /* ViewController.swift */,
				48384DF71A0ACD9B00D455D9 /* Main.storyboard */,
				48384DFA1A0ACD9B00D455D9 /* Images.xcassets */,
				48384DFC1A0ACD9B00D455D9 /* LaunchScreen.xib */,
				48384DF21A0ACD9B00D455D9 /* SwiftAudio.xcdatamodeld */,
				48384DEE1A0ACD9B00D455D9 /* Supporting Files */,
			);
			path = SwiftAudio;
			sourceTree = "<group>";
		};
		48384DEE1A0ACD9B00D455D9 /* Supporting Files */ = {
			isa = PBXGroup;
			children = (
				48384DEF1A0ACD9B00D455D9 /* Info.plist */,
			);
			name = "Supporting Files";
			sourceTree = "<group>";
		};
		48384E061A0ACD9B00D455D9 /* SwiftAudioTests */ = {
			isa = PBXGroup;
			children = (
				48384E091A0ACD9B00D455D9 /* SwiftAudioTests.swift */,
				48384E071A0ACD9B00D455D9 /* Supporting Files */,
			);
			path = SwiftAudioTests;
			sourceTree = "<group>";
		};
		48384E071A0ACD9B00D455D9 /* Supporting Files */ = {
			isa = PBXGroup;
			children = (
				48384E081A0ACD9B00D455D9 /* Info.plist */,
			);
			name = "Supporting Files";
			sourceTree = "<group>";
		};
/* End PBXGroup section */

/* Begin PBXNativeTarget section */
		48384DEA1A0ACD9B00D455D9 /* SwiftAudio */ = {
			isa = PBXNativeTarget;
			buildConfigurationList = 48384E0D1A0ACD9B00D455D9 /* Build configuration list for PBXNativeTarget "SwiftAudio" */;
			buildPhases = (
				48384DE71A0ACD9B00D455D9 /* Sources */,
				48384DE81A0ACD9B00D455D9 /* Frameworks */,
				48384DE91A0ACD9B00D455D9 /* Resources */,
			);
			buildRules = (
			);
			dependencies = (
			);
			name = SwiftAudio;
			productName = SwiftAudio;
			productReference = 48384DEB1A0ACD9B00D455D9 /* SwiftAudio.app */;
			productType = "com.apple.product-type.application";
		};
		48384E021A0ACD9B00D455D9 /* SwiftAudioTests */ = {
			isa = PBXNativeTarget;
			buildConfigurationList = 48384E101A0ACD9B00D455D9 /* Build configuration list for PBXNativeTarget "SwiftAudioTests" */;
			buildPhases = (
				48384DFF1A0ACD9B00D455D9 /* Sources */,
				48384E001A0ACD9B00D455D9 /* Frameworks */,
				48384E011A0ACD9B00D455D9 /* Resources */,
			);
			buildRules = (
			);
			dependencies = (
				48384E051A0ACD9B00D455D9 /* PBXTargetDependency */,
			);
			name = SwiftAudioTests;
			productName = SwiftAudioTests;
			productReference = 48384E031A0ACD9B00D455D9 /* SwiftAudioTests.xctest */;
			productType = "com.apple.product-type.bundle.unit-test";
		};
/* End PBXNativeTarget section */

/* Begin PBXProject section */
		48384DE31A0ACD9B00D455D9 /* Project object */ = {
			isa = PBXProject;
			attributes = {
				LastUpgradeCheck = 0610;
				ORGANIZATIONNAME = "Igor Barinov";
				TargetAttributes = {
					48384DEA1A0ACD9B00D455D9 = {
						CreatedOnToolsVersion = 6.1;
					};
					48384E021A0ACD9B00D455D9 = {
						CreatedOnToolsVersion = 6.1;
						TestTargetID = 48384DEA1A0ACD9B00D455D9;
					};
				};
			};
			buildConfigurationList = 48384DE61A0ACD9B00D455D9 /* Build configuration list for PBXProject "SwiftAudio" */;
			compatibilityVersion = "Xcode 3.2";
			developmentRegion = English;
			hasScannedForEncodings = 0;
			knownRegions = (
				en,
				Base,
			);
			mainGroup = 48384DE21A0ACD9B00D455D9;
			productRefGroup = 48384DEC1A0ACD9B00D455D9 /* Products */;
			projectDirPath = "";
			projectRoot = "";
			targets = (
				48384DEA1A0ACD9B00D455D9 /* SwiftAudio */,
				48384E021A0ACD9B00D455D9 /* SwiftAudioTests */,
			);
		};
/* End PBXProject section */

/* Begin PBXResourcesBuildPhase section */
		48384DE91A0ACD9B00D455D9 /* Resources */ = {
			isa = PBXResourcesBuildPhase;
			buildActionMask = 2147483647;
			files = (
				48384DF91A0ACD9B00D455D9 /* Main.storyboard in Resources */,
				48384DFE1A0ACD9B00D455D9 /* LaunchScreen.xib in Resources */,
				48384E141A0ACDCA00D455D9 /* 1.wav in Resources */,
				48384DFB1A0ACD9B00D455D9 /* Images.xcassets in Resources */,
			);
			runOnlyForDeploymentPostprocessing = 0;
		};
		48384E011A0ACD9B00D455D9 /* Resources */ = {
			isa = PBXResourcesBuildPhase;
			buildActionMask = 2147483647;
			files = (
			);
			runOnlyForDeploymentPostprocessing = 0;
		};
/* End PBXResourcesBuildPhase section */

/* Begin PBXSourcesBuildPhase section */
		48384DE71A0ACD9B00D455D9 /* Sources */ = {
			isa = PBXSourcesBuildPhase;
			buildActionMask = 2147483647;
			files = (
				48384DF61A0ACD9B00D455D9 /* ViewController.swift in Sources */,
				48384DF41A0ACD9B00D455D9 /* SwiftAudio.xcdatamodeld in Sources */,
				48384DF11A0ACD9B00D455D9 /* AppDelegate.swift in Sources */,
			);
			runOnlyForDeploymentPostprocessing = 0;
		};
		48384DFF1A0ACD9B00D455D9 /* Sources */ = {
			isa = PBXSourcesBuildPhase;
			buildActionMask = 2147483647;
			files = (
				48384E0A1A0ACD9B00D455D9 /* SwiftAudioTests.swift in Sources */,
			);
			runOnlyForDeploymentPostprocessing = 0;
		};
/* End PBXSourcesBuildPhase section */

/* Begin PBXTargetDependency section */
		48384E051A0ACD9B00D455D9 /* PBXTargetDependency */ = {
			isa = PBXTargetDependency;
			target = 48384DEA1A0ACD9B00D455D9 /* SwiftAudio */;
			targetProxy = 48384E041A0ACD9B00D455D9 /* PBXContainerItemProxy */;
		};
/* End PBXTargetDependency section */

/* Begin PBXVariantGroup section */
		48384DF71A0ACD9B00D455D9 /* Main.storyboard */ = {
			isa = PBXVariantGroup;
			children = (
				48384DF81A0ACD9B00D455D9 /* Base */,
			);
			name = Main.storyboard;
			sourceTree = "<group>";
		};
		48384DFC1A0ACD9B00D455D9 /* LaunchScreen.xib */ = {
			isa = PBXVariantGroup;
			children = (
				48384DFD1A0ACD9B00D455D9 /* Base */,
			);
			name = LaunchScreen.xib;
			sourceTree = "<group>";
		};
/* End PBXVariantGroup section */

/* Begin XCBuildConfiguration section */
		48384E0B1A0ACD9B00D455D9 /* Debug */ = {
			isa = XCBuildConfiguration;
			buildSettings = {
				ALWAYS_SEARCH_USER_PATHS = NO;
				CLANG_CXX_LANGUAGE_STANDARD = "gnu++0x";
				CLANG_CXX_LIBRARY = "libc++";
				CLANG_ENABLE_MODULES = YES;
				CLANG_ENABLE_OBJC_ARC = YES;
				CLANG_WARN_BOOL_CONVERSION = YES;
				CLANG_WARN_CONSTANT_CONVERSION = YES;
				CLANG_WARN_DIRECT_OBJC_ISA_USAGE = YES_ERROR;
				CLANG_WARN_EMPTY_BODY = YES;
				CLANG_WARN_ENUM_CONVERSION = YES;
				CLANG_WARN_INT_CONVERSION = YES;
				CLANG_WARN_OBJC_ROOT_CLASS = YES_ERROR;
				CLANG_WARN_UNREACHABLE_CODE = YES;
				CLANG_WARN__DUPLICATE_METHOD_MATCH = YES;
				"CODE_SIGN_IDENTITY[sdk=iphoneos*]" = "iPhone Developer";
				COPY_PHASE_STRIP = NO;
				ENABLE_STRICT_OBJC_MSGSEND = YES;
				GCC_C_LANGUAGE_STANDARD = gnu99;
				GCC_DYNAMIC_NO_PIC = NO;
				GCC_OPTIMIZATION_LEVEL = 0;
				GCC_PREPROCESSOR_DEFINITIONS = (
					"DEBUG=1",
					"$(inherited)",
				);
				GCC_SYMBOLS_PRIVATE_EXTERN = NO;
				GCC_WARN_64_TO_32_BIT_CONVERSION = YES;
				GCC_WARN_ABOUT_RETURN_TYPE = YES_ERROR;
				GCC_WARN_UNDECLARED_SELECTOR = YES;
				GCC_WARN_UNINITIALIZED_AUTOS = YES_AGGRESSIVE;
				GCC_WARN_UNUSED_FUNCTION = YES;
				GCC_WARN_UNUSED_VARIABLE = YES;
				IPHONEOS_DEPLOYMENT_TARGET = 8.1;
				MTL_ENABLE_DEBUG_INFO = YES;
				ONLY_ACTIVE_ARCH = YES;
				SDKROOT = iphoneos;
				SWIFT_OPTIMIZATION_LEVEL = "-Onone";
			};
			name = Debug;
		};
		48384E0C1A0ACD9B00D455D9 /* Release */ = {
			isa = XCBuildConfiguration;
			buildSettings = {
				ALWAYS_SEARCH_USER_PATHS = NO;
				CLANG_CXX_LANGUAGE_STANDARD = "gnu++0x";
				CLANG_CXX_LIBRARY = "libc++";
				CLANG_ENABLE_MODULES = YES;
				CLANG_ENABLE_OBJC_ARC = YES;
				CLANG_WARN_BOOL_CONVERSION = YES;
				CLANG_WARN_CONSTANT_CONVERSION = YES;
				CLANG_WARN_DIRECT_OBJC_ISA_USAGE = YES_ERROR;
				CLANG_WARN_EMPTY_BODY = YES;
				CLANG_WARN_ENUM_CONVERSION = YES;
				CLANG_WARN_INT_CONVERSION = YES;
				CLANG_WARN_OBJC_ROOT_CLASS = YES_ERROR;
				CLANG_WARN_UNREACHABLE_CODE = YES;
				CLANG_WARN__DUPLICATE_METHOD_MATCH = YES;
				"CODE_SIGN_IDENTITY[sdk=iphoneos*]" = "iPhone Developer";
				COPY_PHASE_STRIP = YES;
				ENABLE_NS_ASSERTIONS = NO;
				ENABLE_STRICT_OBJC_MSGSEND = YES;
				GCC_C_LANGUAGE_STANDARD = gnu99;
				GCC_WARN_64_TO_32_BIT_CONVERSION = YES;
				GCC_WARN_ABOUT_RETURN_TYPE = YES_ERROR;
				GCC_WARN_UNDECLARED_SELECTOR = YES;
				GCC_WARN_UNINITIALIZED_AUTOS = YES_AGGRESSIVE;
				GCC_WARN_UNUSED_FUNCTION = YES;
				GCC_WARN_UNUSED_VARIABLE = YES;
				IPHONEOS_DEPLOYMENT_TARGET = 8.1;
				MTL_ENABLE_DEBUG_INFO = NO;
				SDKROOT = iphoneos;
				VALIDATE_PRODUCT = YES;
			};
			name = Release;
		};
		48384E0E1A0ACD9B00D455D9 /* Debug */ = {
			isa = XCBuildConfiguration;
			buildSettings = {
				ASSETCATALOG_COMPILER_APPICON_NAME = AppIcon;
				INFOPLIST_FILE = SwiftAudio/Info.plist;
				LD_RUNPATH_SEARCH_PATHS = "$(inherited) @executable_path/Frameworks";
				PRODUCT_NAME = "$(TARGET_NAME)";
			};
			name = Debug;
		};
		48384E0F1A0ACD9B00D455D9 /* Release */ = {
			isa = XCBuildConfiguration;
			buildSettings = {
				ASSETCATALOG_COMPILER_APPICON_NAME = AppIcon;
				INFOPLIST_FILE = SwiftAudio/Info.plist;
				LD_RUNPATH_SEARCH_PATHS = "$(inherited) @executable_path/Frameworks";
				PRODUCT_NAME = "$(TARGET_NAME)";
			};
			name = Release;
		};
		48384E111A0ACD9B00D455D9 /* Debug */ = {
			isa = XCBuildConfiguration;
			buildSettings = {
				BUNDLE_LOADER = "$(TEST_HOST)";
				FRAMEWORK_SEARCH_PATHS = (
					"$(SDKROOT)/Developer/Library/Frameworks",
					"$(inherited)",
				);
				GCC_PREPROCESSOR_DEFINITIONS = (
					"DEBUG=1",
					"$(inherited)",
				);
				INFOPLIST_FILE = SwiftAudioTests/Info.plist;
				LD_RUNPATH_SEARCH_PATHS = "$(inherited) @executable_path/Frameworks @loader_path/Frameworks";
				PRODUCT_NAME = "$(TARGET_NAME)";
				TEST_HOST = "$(BUILT_PRODUCTS_DIR)/SwiftAudio.app/SwiftAudio";
			};
			name = Debug;
		};
		48384E121A0ACD9B00D455D9 /* Release */ = {
			isa = XCBuildConfiguration;
			buildSettings = {
				BUNDLE_LOADER = "$(TEST_HOST)";
				FRAMEWORK_SEARCH_PATHS = (
					"$(SDKROOT)/Developer/Library/Frameworks",
					"$(inherited)",
				);
				INFOPLIST_FILE = SwiftAudioTests/Info.plist;
				LD_RUNPATH_SEARCH_PATHS = "$(inherited) @executable_path/Frameworks @loader_path/Frameworks";
				PRODUCT_NAME = "$(TARGET_NAME)";
				TEST_HOST = "$(BUILT_PRODUCTS_DIR)/SwiftAudio.app/SwiftAudio";
			};
			name = Release;
		};
/* End XCBuildConfiguration section */

/* Begin XCConfigurationList section */
		48384DE61A0ACD9B00D455D9 /* Build configuration list for PBXProject "SwiftAudio" */ = {
			isa = XCConfigurationList;
			buildConfigurations = (
				48384E0B1A0ACD9B00D455D9 /* Debug */,
				48384E0C1A0ACD9B00D455D9 /* Release */,
			);
			defaultConfigurationIsVisible = 0;
			defaultConfigurationName = Release;
		};
		48384E0D1A0ACD9B00D455D9 /* Build configuration list for PBXNativeTarget "SwiftAudio" */ = {
			isa = XCConfigurationList;
			buildConfigurations = (
				48384E0E1A0ACD9B00D455D9 /* Debug */,
				48384E0F1A0ACD9B00D455D9 /* Release */,
			);
			defaultConfigurationIsVisible = 0;
		};
		48384E101A0ACD9B00D455D9 /* Build configuration list for PBXNativeTarget "SwiftAudioTests" */ = {
			isa = XCConfigurationList;
			buildConfigurations = (
				48384E111A0ACD9B00D455D9 /* Debug */,
				48384E121A0ACD9B00D455D9 /* Release */,
			);
			defaultConfigurationIsVisible = 0;
		};
/* End XCConfigurationList section */

/* Begin XCVersionGroup section */
		48384DF21A0ACD9B00D455D9 /* SwiftAudio.xcdatamodeld */ = {
			isa = XCVersionGroup;
			children = (
				48384DF31A0ACD9B00D455D9 /* SwiftAudio.xcdatamodel */,
			);
			currentVersion = 48384DF31A0ACD9B00D455D9 /* SwiftAudio.xcdatamodel */;
			path = SwiftAudio.xcdatamodeld;
			sourceTree = "<group>";
			versionGroupType = wrapper.xcdatamodel;
		};
/* End XCVersionGroup section */
	};
	rootObject = 48384DE31A0ACD9B00D455D9 /* Project object */;
}
